
Microsoft Visual Studio Solution File, Format Version 12.00
# Visual Studio 14
VisualStudioVersion = 14.0.25420.1
MinimumVisualStudioVersion = 10.0.40219.1
Project("{FAE04EC0-301F-11D3-BF4B-00C04F79EFBC}") = "SetPaint", "SetPaint\SetPaint.csproj", "{DA7920FC-8BE0-453C-94A9-DEEA0377C441}"
EndProject
Global
	GlobalSection(SolutionConfigurationPlatforms) = preSolution
		Debug|Any CPU = Debug|Any CPU
		Release|Any CPU = Release|Any CPU
	EndGlobalSection
	GlobalSection(ProjectConfigurationPlatforms) = postSolution
		{DA7920FC-8BE0-453C-94A9-DEEA0377C441}.Debug|Any CPU.ActiveCfg = Debug|Any CPU
		{DA7920FC-8BE0-453C-94A9-DEEA0377C441}.Debug|Any CPU.Build.0 = Debug|Any CPU
		{DA7920FC-8BE0-453C-94A9-DEEA0377C441}.Release|Any CPU.ActiveCfg = Release|Any CPU
		{DA7920FC-8BE0-453C-94A9-DEEA0377C441}.Release|Any CPU.Build.0 = Release|Any CPU
	EndGlobalSection
	GlobalSection(SolutionProperties) = preSolution
		HideSolutionNode = FALSE
	EndGlobalSection
EndGlobal
